
Microsoft Visual Studio Solution File, Format Version 12.00
# Visual Studio 14
VisualStudioVersion = 14.0.23107.0
MinimumVisualStudioVersion = 10.0.40219.1
Project("{2150E333-8FDC-42A3-9474-1A3956D46DE8}") = "0 Common", "0 Common", "{31E0C350-B94B-41AE-BF91-65600F5433E8}"
EndProject
Project("{2150E333-8FDC-42A3-9474-1A3956D46DE8}") = "1 Presentation", "1 Presentation", "{BB0340B4-2F79-4C60-9400-4FCC7E1AB142}"
EndProject
Project("{2150E333-8FDC-42A3-9474-1A3956D46DE8}") = "2 Service", "2 Service", "{B27FA645-48EA-43A6-A822-8BBDF7D95786}"
EndProject
Project("{2150E333-8FDC-42A3-9474-1A3956D46DE8}") = "3 BLL", "3 BLL", "{1781CA02-D165-4A68-B041-1DA194EFCAAA}"
EndProject
Project("{2150E333-8FDC-42A3-9474-1A3956D46DE8}") = "4 DataAccess", "4 DataAccess", "{C84DF538-5745-443E-A908-1BD6B9321B91}"
EndProject
Project("{2150E333-8FDC-42A3-9474-1A3956D46DE8}") = "5 Test", "5 Test", "{C8BE0AB9-2D08-4E9F-8FA3-930BE33BC2BC}"
EndProject
Project("{FAE04EC0-301F-11D3-BF4B-00C04F79EFBC}") = "IJSE.POS.Common.Models", "IJSE.POS.Common.Models\IJSE.POS.Common.Models.csproj", "{A6136DE2-E877-4C17-9894-8708E6408FD5}"
EndProject
Project("{FAE04EC0-301F-11D3-BF4B-00C04F79EFBC}") = "IJSE.POS.DataAccess.DAL", "IJSE.POS.DataAccess.DAL\IJSE.POS.DataAccess.DAL.csproj", "{679D7627-1256-453A-9F1E-7A8477514930}"
EndProject
Project("{FAE04EC0-301F-11D3-BF4B-00C04F79EFBC}") = "IJSE.POS.Presentation.Web", "IJSE.POS.Presentation.Web\IJSE.POS.Presentation.Web.csproj", "{EDB02F58-763D-4563-9957-215B9AD18EA2}"
EndProject
Project("{FAE04EC0-301F-11D3-BF4B-00C04F79EFBC}") = "IJSE.POS.Presentation.Web.Tests", "IJSE.POS.Presentation.Web.Tests\IJSE.POS.Presentation.Web.Tests.csproj", "{2DCBE7BA-CCBA-447B-878C-BE1A053130AF}"
EndProject
Project("{FAE04EC0-301F-11D3-BF4B-00C04F79EFBC}") = "IJSE.POS.BusinessService.Contracts", "IJSE.POS.BusinessService.Contracts\IJSE.POS.BusinessService.Contracts.csproj", "{39DE58C6-3E2D-4A58-856D-42DB5D6E467B}"
EndProject
Project("{FAE04EC0-301F-11D3-BF4B-00C04F79EFBC}") = "IJSE.POS.BusinessService", "IJSE.POS.BusinessService\IJSE.POS.BusinessService.csproj", "{8EDE0193-BF25-4EF2-B2AD-A60A4B7E004F}"
EndProject
Project("{FAE04EC0-301F-11D3-BF4B-00C04F79EFBC}") = "IJSE.POS.DataAccess.DAL.Contracts", "IJSE.POS.DataAccess.DAL.Contracts\IJSE.POS.DataAccess.DAL.Contracts.csproj", "{210B36C6-41B4-442C-8B04-E93F5671BAD1}"
EndProject
Project("{2150E333-8FDC-42A3-9474-1A3956D46DE8}") = "Utils", "Utils", "{DC76258F-2A2F-4B1D-B871-B2F546756A76}"
EndProject
Project("{FAE04EC0-301F-11D3-BF4B-00C04F79EFBC}") = "IJSE.POS.Common.Utils.Logs", "IJSE.POS.Common.Logs\IJSE.POS.Common.Utils.Logs.csproj", "{706DC3A3-7B34-4800-9355-64C85A9C02A0}"
EndProject
Project("{FAE04EC0-301F-11D3-BF4B-00C04F79EFBC}") = "IJSE.POS.Common.Ioc", "IJSE.POS.Common.Ioc\IJSE.POS.Common.Ioc.csproj", "{B4C7F693-77E2-46E0-A956-4F368DB7CC28}"
EndProject
Project("{FAE04EC0-301F-11D3-BF4B-00C04F79EFBC}") = "IJSE.POS.Service.WebAPI", "IJSE.POS.Service.WebAPI\IJSE.POS.Service.WebAPI.csproj", "{460989EC-FBE2-45F5-A4D8-58424DBC2271}"
EndProject
Project("{FAE04EC0-301F-11D3-BF4B-00C04F79EFBC}") = "IJSE.POS.Test.BusinessService", "IJSE.POS.Test.BusinessService\IJSE.POS.Test.BusinessService.csproj", "{BB90EF8D-2714-4DA8-B0A1-795C59D3CC54}"
EndProject
Global
	GlobalSection(SolutionConfigurationPlatforms) = preSolution
		Debug|Any CPU = Debug|Any CPU
		Release|Any CPU = Release|Any CPU
	EndGlobalSection
	GlobalSection(ProjectConfigurationPlatforms) = postSolution
		{A6136DE2-E877-4C17-9894-8708E6408FD5}.Debug|Any CPU.ActiveCfg = Debug|Any CPU
		{A6136DE2-E877-4C17-9894-8708E6408FD5}.Debug|Any CPU.Build.0 = Debug|Any CPU
		{A6136DE2-E877-4C17-9894-8708E6408FD5}.Release|Any CPU.ActiveCfg = Release|Any CPU
		{A6136DE2-E877-4C17-9894-8708E6408FD5}.Release|Any CPU.Build.0 = Release|Any CPU
		{679D7627-1256-453A-9F1E-7A8477514930}.Debug|Any CPU.ActiveCfg = Debug|Any CPU
		{679D7627-1256-453A-9F1E-7A8477514930}.Debug|Any CPU.Build.0 = Debug|Any CPU
		{679D7627-1256-453A-9F1E-7A8477514930}.Release|Any CPU.ActiveCfg = Release|Any CPU
		{679D7627-1256-453A-9F1E-7A8477514930}.Release|Any CPU.Build.0 = Release|Any CPU
		{EDB02F58-763D-4563-9957-215B9AD18EA2}.Debug|Any CPU.ActiveCfg = Debug|Any CPU
		{EDB02F58-763D-4563-9957-215B9AD18EA2}.Debug|Any CPU.Build.0 = Debug|Any CPU
		{EDB02F58-763D-4563-9957-215B9AD18EA2}.Release|Any CPU.ActiveCfg = Release|Any CPU
		{EDB02F58-763D-4563-9957-215B9AD18EA2}.Release|Any CPU.Build.0 = Release|Any CPU
		{2DCBE7BA-CCBA-447B-878C-BE1A053130AF}.Debug|Any CPU.ActiveCfg = Debug|Any CPU
		{2DCBE7BA-CCBA-447B-878C-BE1A053130AF}.Debug|Any CPU.Build.0 = Debug|Any CPU
		{2DCBE7BA-CCBA-447B-878C-BE1A053130AF}.Release|Any CPU.ActiveCfg = Release|Any CPU
		{2DCBE7BA-CCBA-447B-878C-BE1A053130AF}.Release|Any CPU.Build.0 = Release|Any CPU
		{39DE58C6-3E2D-4A58-856D-42DB5D6E467B}.Debug|Any CPU.ActiveCfg = Debug|Any CPU
		{39DE58C6-3E2D-4A58-856D-42DB5D6E467B}.Debug|Any CPU.Build.0 = Debug|Any CPU
		{39DE58C6-3E2D-4A58-856D-42DB5D6E467B}.Release|Any CPU.ActiveCfg = Release|Any CPU
		{39DE58C6-3E2D-4A58-856D-42DB5D6E467B}.Release|Any CPU.Build.0 = Release|Any CPU
		{8EDE0193-BF25-4EF2-B2AD-A60A4B7E004F}.Debug|Any CPU.ActiveCfg = Debug|Any CPU
		{8EDE0193-BF25-4EF2-B2AD-A60A4B7E004F}.Debug|Any CPU.Build.0 = Debug|Any CPU
		{8EDE0193-BF25-4EF2-B2AD-A60A4B7E004F}.Release|Any CPU.ActiveCfg = Release|Any CPU
		{8EDE0193-BF25-4EF2-B2AD-A60A4B7E004F}.Release|Any CPU.Build.0 = Release|Any CPU
		{210B36C6-41B4-442C-8B04-E93F5671BAD1}.Debug|Any CPU.ActiveCfg = Debug|Any CPU
		{210B36C6-41B4-442C-8B04-E93F5671BAD1}.Debug|Any CPU.Build.0 = Debug|Any CPU
		{210B36C6-41B4-442C-8B04-E93F5671BAD1}.Release|Any CPU.ActiveCfg = Release|Any CPU
		{210B36C6-41B4-442C-8B04-E93F5671BAD1}.Release|Any CPU.Build.0 = Release|Any CPU
		{706DC3A3-7B34-4800-9355-64C85A9C02A0}.Debug|Any CPU.ActiveCfg = Debug|Any CPU
		{706DC3A3-7B34-4800-9355-64C85A9C02A0}.Debug|Any CPU.Build.0 = Debug|Any CPU
		{706DC3A3-7B34-4800-9355-64C85A9C02A0}.Release|Any CPU.ActiveCfg = Release|Any CPU
		{706DC3A3-7B34-4800-9355-64C85A9C02A0}.Release|Any CPU.Build.0 = Release|Any CPU
		{B4C7F693-77E2-46E0-A956-4F368DB7CC28}.Debug|Any CPU.ActiveCfg = Debug|Any CPU
		{B4C7F693-77E2-46E0-A956-4F368DB7CC28}.Debug|Any CPU.Build.0 = Debug|Any CPU
		{B4C7F693-77E2-46E0-A956-4F368DB7CC28}.Release|Any CPU.ActiveCfg = Release|Any CPU
		{B4C7F693-77E2-46E0-A956-4F368DB7CC28}.Release|Any CPU.Build.0 = Release|Any CPU
		{460989EC-FBE2-45F5-A4D8-58424DBC2271}.Debug|Any CPU.ActiveCfg = Debug|Any CPU
		{460989EC-FBE2-45F5-A4D8-58424DBC2271}.Debug|Any CPU.Build.0 = Debug|Any CPU
		{460989EC-FBE2-45F5-A4D8-58424DBC2271}.Release|Any CPU.ActiveCfg = Release|Any CPU
		{460989EC-FBE2-45F5-A4D8-58424DBC2271}.Release|Any CPU.Build.0 = Release|Any CPU
		{BB90EF8D-2714-4DA8-B0A1-795C59D3CC54}.Debug|Any CPU.ActiveCfg = Debug|Any CPU
		{BB90EF8D-2714-4DA8-B0A1-795C59D3CC54}.Debug|Any CPU.Build.0 = Debug|Any CPU
		{BB90EF8D-2714-4DA8-B0A1-795C59D3CC54}.Release|Any CPU.ActiveCfg = Release|Any CPU
		{BB90EF8D-2714-4DA8-B0A1-795C59D3CC54}.Release|Any CPU.Build.0 = Release|Any CPU
	EndGlobalSection
	GlobalSection(SolutionProperties) = preSolution
		HideSolutionNode = FALSE
	EndGlobalSection
	GlobalSection(NestedProjects) = preSolution
		{A6136DE2-E877-4C17-9894-8708E6408FD5} = {31E0C350-B94B-41AE-BF91-65600F5433E8}
		{679D7627-1256-453A-9F1E-7A8477514930} = {C84DF538-5745-443E-A908-1BD6B9321B91}
		{EDB02F58-763D-4563-9957-215B9AD18EA2} = {BB0340B4-2F79-4C60-9400-4FCC7E1AB142}
		{2DCBE7BA-CCBA-447B-878C-BE1A053130AF} = {BB0340B4-2F79-4C60-9400-4FCC7E1AB142}
		{39DE58C6-3E2D-4A58-856D-42DB5D6E467B} = {1781CA02-D165-4A68-B041-1DA194EFCAAA}
		{8EDE0193-BF25-4EF2-B2AD-A60A4B7E004F} = {1781CA02-D165-4A68-B041-1DA194EFCAAA}
		{210B36C6-41B4-442C-8B04-E93F5671BAD1} = {C84DF538-5745-443E-A908-1BD6B9321B91}
		{DC76258F-2A2F-4B1D-B871-B2F546756A76} = {31E0C350-B94B-41AE-BF91-65600F5433E8}
		{706DC3A3-7B34-4800-9355-64C85A9C02A0} = {DC76258F-2A2F-4B1D-B871-B2F546756A76}
		{B4C7F693-77E2-46E0-A956-4F368DB7CC28} = {31E0C350-B94B-41AE-BF91-65600F5433E8}
		{460989EC-FBE2-45F5-A4D8-58424DBC2271} = {B27FA645-48EA-43A6-A822-8BBDF7D95786}
		{BB90EF8D-2714-4DA8-B0A1-795C59D3CC54} = {C8BE0AB9-2D08-4E9F-8FA3-930BE33BC2BC}
	EndGlobalSection
EndGlobal
